
Microsoft Visual Studio Solution File, Format Version 12.00
# Visual Studio Version 17
VisualStudioVersion = 17.11.35219.272
MinimumVisualStudioVersion = 10.0.40219.1
Project("{9A19103F-16F7-4668-BE54-9A1E7A4F7556}") = "SmartHomeSystem", "SmartHomeSystem\SmartHomeSystem.csproj", "{4BFB7925-CB5D-4D3B-B61E-05643AA34969}"
EndProject
Project("{9A19103F-16F7-4668-BE54-9A1E7A4F7556}") = "SmartHomeSystem.Tests", "SmartHomeSystem.Tests\SmartHomeSystem.Tests.csproj", "{7578C73F-3B7A-4654-B248-0B4B27BBA37C}"
EndProject
Global
	GlobalSection(SolutionConfigurationPlatforms) = preSolution
		Debug|Any CPU = Debug|Any CPU
		Release|Any CPU = Release|Any CPU
	EndGlobalSection
	GlobalSection(ProjectConfigurationPlatforms) = postSolution
		{4BFB7925-CB5D-4D3B-B61E-05643AA34969}.Debug|Any CPU.ActiveCfg = Debug|Any CPU
		{4BFB7925-CB5D-4D3B-B61E-05643AA34969}.Debug|Any CPU.Build.0 = Debug|Any CPU
		{4BFB7925-CB5D-4D3B-B61E-05643AA34969}.Release|Any CPU.ActiveCfg = Release|Any CPU
		{4BFB7925-CB5D-4D3B-B61E-05643AA34969}.Release|Any CPU.Build.0 = Release|Any CPU
		{7578C73F-3B7A-4654-B248-0B4B27BBA37C}.Debug|Any CPU.ActiveCfg = Debug|Any CPU
		{7578C73F-3B7A-4654-B248-0B4B27BBA37C}.Debug|Any CPU.Build.0 = Debug|Any CPU
		{7578C73F-3B7A-4654-B248-0B4B27BBA37C}.Release|Any CPU.ActiveCfg = Release|Any CPU
		{7578C73F-3B7A-4654-B248-0B4B27BBA37C}.Release|Any CPU.Build.0 = Release|Any CPU
	EndGlobalSection
	GlobalSection(SolutionProperties) = preSolution
		HideSolutionNode = FALSE
	EndGlobalSection
	GlobalSection(ExtensibilityGlobals) = postSolution
		SolutionGuid = {03976610-E485-4F43-8361-F7F44B1EC37B}
	EndGlobalSection
EndGlobal
